PODS:
  - ActiveLabel (1.1.0)
  - Alamofire (5.6.1)
  - BEMCheckBox (1.4.1)
  - BetterSegmentedControl (2.0.1)
  - CryptoSwift (1.4.2)
  - ESTabBarController-swift (2.8.0)
  - Haptica (3.0.3)
  - IQKeyboardManagerSwift (6.5.9)
  - JCore (2.1.4-noidfa)
  - JKSwiftExtension (2.1.1)
  - JPush (3.2.4-noidfa):
    - JCore (< 3.0.0, >= 2.0.0)
  - Kingfisher (7.2.0)
  - LTMorphingLabel (0.9.3)
  - MarqueeLabel (4.0.5)
  - MJRefresh (3.7.5)
  - Moya (15.0.0):
    - Moya/Core (= 15.0.0)
  - Moya/Core (15.0.0):
    - Alamofire (~> 5.0)
  - NIMSDK (6.1.1)
  - NotificationBannerSwift (2.5.0):
    - MarqueeLabel (~> 4.0.0)
    - SnapKit (~> 5.0.0)
  - ObjcExceptionBridging (1.0.1):
    - ObjcExceptionBridging/ObjcExceptionBridging (= 1.0.1)
  - ObjcExceptionBridging/ObjcExceptionBridging (1.0.1)
  - ObjectMapper (4.2.0)
  - "ObjectMapper+Realm (1.2)":
    - ObjectMapper
    - RealmSwift
  - PGDatePicker (2.6.9):
    - PGPickerView
  - PGPickerView (1.3.8)
  - PryntTrimmerView (4.0.2)
  - R.swift (6.1.0):
    - R.swift.Library (~> 5.3.0)
  - R.swift.Library (5.3.0)
  - Realm (10.25.2):
    - Realm/Headers (= 10.25.2)
  - Realm/Headers (10.25.2)
  - RealmSwift (10.25.2):
    - Realm (= 10.25.2)
  - SDCycleScrollView (1.82):
    - SDWebImage (>= 5.0.0)
  - SDWebImage (5.12.5):
    - SDWebImage/Core (= 5.12.5)
  - SDWebImage/Core (5.12.5)
  - Siren (5.7.1)
  - SnapKit (5.0.1)
  - SPPermissions/Bluetooth (7.1.5):
    - SPPermissions/Core
  - SPPermissions/Camera (7.1.5):
    - SPPermissions/Core
  - SPPermissions/Core (7.1.5)
  - SPPermissions/LocationExtension (7.1.5)
  - SPPermissions/LocationWhenInUse (7.1.5):
    - SPPermissions/Core
    - SPPermissions/LocationExtension
  - SPPermissions/Microphone (7.1.5):
    - SPPermissions/Core
  - SPPermissions/PhotoLibrary (7.1.5):
    - SPPermissions/Core
  - SteviaLayout (4.7.3)
  - SVProgressHUD (2.2.5)
  - SwiftEntryKit (2.0.0)
  - swiftScan (1.2.1)
  - SwiftyJSON (5.0.1)
  - SwiftyUserDefaults (5.3.0)
  - XCGLogger (7.0.1):
    - XCGLogger/Core (= 7.0.1)
  - XCGLogger/Core (7.0.1):
    - ObjcExceptionBridging
  - YPImagePicker (5.2.1):
    - PryntTrimmerView (= 4.0.2)
    - SteviaLayout (= 4.7.3)
  - YYCache (1.0.4)
  - YYCategories (1.0.4):
    - YYCategories/no-arc (= 1.0.4)
  - YYCategories/no-arc (1.0.4)

DEPENDENCIES:
  - ActiveLabel
  - BEMCheckBox
  - BetterSegmentedControl
  - CryptoSwift (= 1.4.2)
  - ESTabBarController-swift (= 2.8.0)
  - Haptica (= 3.0.3)
  - IQKeyboardManagerSwift (= 6.5.9)
  - JCore (= 2.1.4-noidfa)
  - JKSwiftExtension
  - JPush (= 3.2.4-noidfa)
  - Kingfisher (= 7.2.0)
  - LTMorphingLabel (~> 0.9.3)
  - MJRefresh (= 3.7.5)
  - Moya
  - NIMSDK (= 6.1.1)
  - NotificationBannerSwift (= 2.5.0)
  - ObjectMapper (= 4.2.0)
  - "ObjectMapper+Realm"
  - PGDatePicker
  - R.swift
  - Realm
  - RealmSwift
  - SDCycleScrollView (= 1.82)
  - Siren
  - SnapKit (= 5.0.1)
  - SPPermissions/Bluetooth
  - SPPermissions/Camera
  - SPPermissions/LocationWhenInUse
  - SPPermissions/Microphone
  - SPPermissions/PhotoLibrary
  - SVProgressHUD (= 2.2.5)
  - SwiftEntryKit (= 2.0.0)
  - swiftScan
  - SwiftyJSON (= 5.0.1)
  - SwiftyUserDefaults (= 5.3.0)
  - XCGLogger (= 7.0.1)
  - YPImagePicker
  - YYCache
  - YYCategories

SPEC REPOS:
  trunk:
    - ActiveLabel
    - Alamofire
    - BEMCheckBox
    - BetterSegmentedControl
    - CryptoSwift
    - ESTabBarController-swift
    - Haptica
    - IQKeyboardManagerSwift
    - JCore
    - JKSwiftExtension
    - JPush
    - Kingfisher
    - LTMorphingLabel
    - MarqueeLabel
    - MJRefresh
    - Moya
    - NIMSDK
    - NotificationBannerSwift
    - ObjcExceptionBridging
    - ObjectMapper
    - "ObjectMapper+Realm"
    - PGDatePicker
    - PGPickerView
    - PryntTrimmerView
    - R.swift
    - R.swift.Library
    - Realm
    - RealmSwift
    - SDCycleScrollView
    - SDWebImage
    - Siren
    - SnapKit
    - SPPermissions
    - SteviaLayout
    - SVProgressHUD
    - SwiftEntryKit
    - swiftScan
    - SwiftyJSON
    - SwiftyUserDefaults
    - XCGLogger
    - YPImagePicker
    - YYCache
    - YYCategories

SPEC CHECKSUMS:
  ActiveLabel: 5e3f4de79a1952d4604b845a0610d4776e4b82b3
  Alamofire: 87bd8c952f9a4454320fce00d9cc3de57bcadaf5
  BEMCheckBox: 5ba6e37ade3d3657b36caecc35c8b75c6c2b1a4e
  BetterSegmentedControl: 09607b27861d49cbce48b7673b74f9150a3d371a
  CryptoSwift: a532e74ed010f8c95f611d00b8bbae42e9fe7c17
  ESTabBarController-swift: 05593a6ad64700b03c0eb60ff625916370aa4136
  Haptica: 23497230b2d7476621f7860263ae0667279a0a89
  IQKeyboardManagerSwift: 6e839c575c4aa1078d58a596e41244e77abe918f
  JCore: 2f15311e6889ab43ed5d629802ef793cac566465
  JKSwiftExtension: 81595522c10081f6b6a0a44d2f64dfdd09102121
  JPush: 2ff11d3013b360bc1b7da16741027e88f12fe3e6
  Kingfisher: 3ac0b75b155cabc0e544877d1a4deea29feece92
  LTMorphingLabel: f2b256e4fe665aac27f0d0e8ccdcd79590f0cd70
  MarqueeLabel: 00cc0bcd087111dca575878b3531af980559707d
  MJRefresh: fdf5e979eb406a0341468932d1dfc8b7f9fce961
  Moya: 138f0573e53411fb3dc17016add0b748dfbd78ee
  NIMSDK: d007a6ea3497867733bb05e21fa059e6960f24bb
  NotificationBannerSwift: 684966fa934c48b70eff8bbec93fccf8db603365
  ObjcExceptionBridging: c30e00eb3700467e695faeea30e26e18bd445001
  ObjectMapper: 1eb41f610210777375fa806bf161dc39fb832b81
  "ObjectMapper+Realm": 0f8d0ac5b0e87ba63d2d0bea76a111b4eae98b9a
  PGDatePicker: 88960f3760edac96219c10320f25536ad31d0f44
  PGPickerView: 037acfb132a4c8054fb43aaa59a5ff50c7f747f5
  PryntTrimmerView: 6a43cc90df5d99addeabd33d4ba09b1365322130
  R.swift: ec98ff71c4ab2f6fd01dd077e5afd15e63a4834c
  R.swift.Library: 0fc583cb55a99e28901299cc451614cad1161962
  Realm: 978303663d0509166498f423d112e5ee97d4c91b
  RealmSwift: a0c30c1efc49e928a0a6f8fb141bb2629616d79b
  SDCycleScrollView: a0d74c3384caa72bdfc81470bdbc8c14b3e1fbcf
  SDWebImage: 0905f1b7760fc8ac4198cae0036600d67478751e
  Siren: 76ac728f4f2f4a3576c322272e94a0e37955664f
  SnapKit: 97b92857e3df3a0c71833cce143274bf6ef8e5eb
  SPPermissions: c63ac1132badad39917de03a3c9dc2429ace94be
  SteviaLayout: c2ecdcff57d44e38fd2f65e54ad52aeae28ca0c4
  SVProgressHUD: 1428aafac632c1f86f62aa4243ec12008d7a51d6
  SwiftEntryKit: 61b5fa36f34a97dd8013e48a7345bc4c4720be9a
  swiftScan: 0849e7d7c1c641384767a573ee8cb90b88d1ddd9
  SwiftyJSON: 2f33a42c6fbc52764d96f13368585094bfd8aa5e
  SwiftyUserDefaults: 63f80248cf5bfb3458825d9a78f2eb7e1293a040
  XCGLogger: 1943831ef907df55108b0b18657953f868de973b
  YPImagePicker: f36043210c10b0783034eb1947d6e06e31c461e4
  YYCache: 8105b6638f5e849296c71f331ff83891a4942952
  YYCategories: 6bcd4314c6661a561410dce4a793379ebd306abd

PODFILE CHECKSUM: 41975d0c6b19a7b63aa6358f63b44e8b913e3ca5

COCOAPODS: 1.11.2
