// !$*UTF8*$!
{
	archiveVersion = 1;
	classes = {
	};
	objectVersion = 55;
	objects = {

/* Begin PBXBuildFile section */
		416F2DFF279BAF67004E5AD9 /* AppDelegate.swift in Sources */ = {isa = PBXBuildFile; fileRef = 416F2DFE279BAF67004E5AD9 /* AppDelegate.swift */; };
		416F2E03279BAF67004E5AD9 /* ViewController.swift in Sources */ = {isa = PBXBuildFile; fileRef = 416F2E02279BAF67004E5AD9 /* ViewController.swift */; };
		416F2E06279BAF67004E5AD9 /* Main.storyboard in Resources */ = {isa = PBXBuildFile; fileRef = 416F2E04279BAF67004E5AD9 /* Main.storyboard */; };
		416F2E08279BAF67004E5AD9 /* Assets.xcassets in Resources */ = {isa = PBXBuildFile; fileRef = 416F2E07279BAF67004E5AD9 /* Assets.xcassets */; };
		416F2E0B279BAF67004E5AD9 /* LaunchScreen.storyboard in Resources */ = {isa = PBXBuildFile; fileRef = 416F2E09279BAF67004E5AD9 /* LaunchScreen.storyboard */; };
		416F2E16279BAF67004E5AD9 /* Work_AJ_SMTests.swift in Sources */ = {isa = PBXBuildFile; fileRef = 416F2E15279BAF67004E5AD9 /* Work_AJ_SMTests.swift */; };
		416F2E20279BAF67004E5AD9 /* Work_AJ_SMUITests.swift in Sources */ = {isa = PBXBuildFile; fileRef = 416F2E1F279BAF67004E5AD9 /* Work_AJ_SMUITests.swift */; };
		416F2E22279BAF67004E5AD9 /* Work_AJ_SMUITestsLaunchTests.swift in Sources */ = {isa = PBXBuildFile; fileRef = 416F2E21279BAF67004E5AD9 /* Work_AJ_SMUITestsLaunchTests.swift */; };
		416F2E3427B0B3DD004E5AD9 /* APIs.swift in Sources */ = {isa = PBXBuildFile; fileRef = 416F2E3327B0B3DD004E5AD9 /* APIs.swift */; };
		416F2E3727B0B406004E5AD9 /* Strigs.swift in Sources */ = {isa = PBXBuildFile; fileRef = 416F2E3627B0B406004E5AD9 /* Strigs.swift */; };
		416F2E3927B0B427004E5AD9 /* ImportFile.swift in Sources */ = {isa = PBXBuildFile; fileRef = 416F2E3827B0B427004E5AD9 /* ImportFile.swift */; };
		416F2E3C27B0B46F004E5AD9 /* UserDefaultsKeys.swift in Sources */ = {isa = PBXBuildFile; fileRef = 416F2E3B27B0B46F004E5AD9 /* UserDefaultsKeys.swift */; };
		416F2E3E27B0B483004E5AD9 /* NotificationName.swift in Sources */ = {isa = PBXBuildFile; fileRef = 416F2E3D27B0B483004E5AD9 /* NotificationName.swift */; };
		416F2E4027B0B4D2004E5AD9 /* DynamicColor.swift in Sources */ = {isa = PBXBuildFile; fileRef = 416F2E3F27B0B4D2004E5AD9 /* DynamicColor.swift */; };
		416F2E4327B0B4F6004E5AD9 /* Logger.swift in Sources */ = {isa = PBXBuildFile; fileRef = 416F2E4227B0B4F6004E5AD9 /* Logger.swift */; };
		416F2E4527B0B514004E5AD9 /* GDataManager.swift in Sources */ = {isa = PBXBuildFile; fileRef = 416F2E4427B0B514004E5AD9 /* GDataManager.swift */; };
		416F2E4727B0B544004E5AD9 /* Network.swift in Sources */ = {isa = PBXBuildFile; fileRef = 416F2E4627B0B544004E5AD9 /* Network.swift */; };
		416F2E4927B0B56D004E5AD9 /* Network.Configuration.swift in Sources */ = {isa = PBXBuildFile; fileRef = 416F2E4827B0B56D004E5AD9 /* Network.Configuration.swift */; };
		416F2E4B27B0B58A004E5AD9 /* NetworkIndicatorPlugin.swift in Sources */ = {isa = PBXBuildFile; fileRef = 416F2E4A27B0B58A004E5AD9 /* NetworkIndicatorPlugin.swift */; };
		416F2E4E27B0B60E004E5AD9 /* BaseTabBarItemContentView.swift in Sources */ = {isa = PBXBuildFile; fileRef = 416F2E4D27B0B60E004E5AD9 /* BaseTabBarItemContentView.swift */; };
		416F2E5127B0B638004E5AD9 /* BaseTabBarViewController.swift in Sources */ = {isa = PBXBuildFile; fileRef = 416F2E5027B0B638004E5AD9 /* BaseTabBarViewController.swift */; };
		416F2E5327B0B64F004E5AD9 /* BaseNavigationController.swift in Sources */ = {isa = PBXBuildFile; fileRef = 416F2E5227B0B64F004E5AD9 /* BaseNavigationController.swift */; };
		416F2E5527B0B66C004E5AD9 /* BaseViewController.swift in Sources */ = {isa = PBXBuildFile; fileRef = 416F2E5427B0B66C004E5AD9 /* BaseViewController.swift */; };
		416F2E5727B0B691004E5AD9 /* BaseWebViewController.swift in Sources */ = {isa = PBXBuildFile; fileRef = 416F2E5627B0B691004E5AD9 /* BaseWebViewController.swift */; };
		416F2E5927B0BC14004E5AD9 /* NetWorkManager.swift in Sources */ = {isa = PBXBuildFile; fileRef = 416F2E5827B0BC14004E5AD9 /* NetWorkManager.swift */; };
		416F2E6227B0BF95004E5AD9 /* HomeHeaderView.swift in Sources */ = {isa = PBXBuildFile; fileRef = 416F2E5F27B0BF95004E5AD9 /* HomeHeaderView.swift */; };
		416F2E6327B0BF95004E5AD9 /* HomeModuleCell.swift in Sources */ = {isa = PBXBuildFile; fileRef = 416F2E6127B0BF95004E5AD9 /* HomeModuleCell.swift */; };
		416F2E6527B0BFA4004E5AD9 /* HomeAPI.swift in Sources */ = {isa = PBXBuildFile; fileRef = 416F2E6427B0BFA4004E5AD9 /* HomeAPI.swift */; };
		416F2E6F27B0BFB5004E5AD9 /* AdsModel.swift in Sources */ = {isa = PBXBuildFile; fileRef = 416F2E6627B0BFB5004E5AD9 /* AdsModel.swift */; };
		416F2E7027B0BFB5004E5AD9 /* NoticeModel.swift in Sources */ = {isa = PBXBuildFile; fileRef = 416F2E6727B0BFB5004E5AD9 /* NoticeModel.swift */; };
		416F2E7127B0BFB5004E5AD9 /* HomePageModule.swift in Sources */ = {isa = PBXBuildFile; fileRef = 416F2E6827B0BFB5004E5AD9 /* HomePageModule.swift */; };
		416F2E7227B0BFB5004E5AD9 /* UnitBcardModel.swift in Sources */ = {isa = PBXBuildFile; fileRef = 416F2E6A27B0BFB5004E5AD9 /* UnitBcardModel.swift */; };
		416F2E7327B0BFB5004E5AD9 /* UnitCodesModel.swift in Sources */ = {isa = PBXBuildFile; fileRef = 416F2E6B27B0BFB5004E5AD9 /* UnitCodesModel.swift */; };
		416F2E7427B0BFB5004E5AD9 /* UnitModel.swift in Sources */ = {isa = PBXBuildFile; fileRef = 416F2E6C27B0BFB5004E5AD9 /* UnitModel.swift */; };
		416F2E7527B0BFB5004E5AD9 /* UnitButtonsModel.swift in Sources */ = {isa = PBXBuildFile; fileRef = 416F2E6D27B0BFB5004E5AD9 /* UnitButtonsModel.swift */; };
		416F2E7627B0BFB5004E5AD9 /* UnitLockModel.swift in Sources */ = {isa = PBXBuildFile; fileRef = 416F2E6E27B0BFB5004E5AD9 /* UnitLockModel.swift */; };
		416F2E7827B0BFC0004E5AD9 /* HomeViewController.swift in Sources */ = {isa = PBXBuildFile; fileRef = 416F2E7727B0BFC0004E5AD9 /* HomeViewController.swift */; };
		416F2E7A27B0C5C5004E5AD9 /* Marcos.swift in Sources */ = {isa = PBXBuildFile; fileRef = 416F2E7927B0C5C5004E5AD9 /* Marcos.swift */; };
		416F2E8327B0CA4A004E5AD9 /* DINPro-Medium.otf in Resources */ = {isa = PBXBuildFile; fileRef = 416F2E7E27B0CA4A004E5AD9 /* DINPro-Medium.otf */; };
		416F2E8427B0CA4A004E5AD9 /* DINPro-Bold.otf in Resources */ = {isa = PBXBuildFile; fileRef = 416F2E7F27B0CA4A004E5AD9 /* DINPro-Bold.otf */; };
		416F2E8527B0CA4A004E5AD9 /* DINPro-Black.otf in Resources */ = {isa = PBXBuildFile; fileRef = 416F2E8027B0CA4A004E5AD9 /* DINPro-Black.otf */; };
		416F2E8627B0CA4A004E5AD9 /* DINPro-Regular.otf in Resources */ = {isa = PBXBuildFile; fileRef = 416F2E8127B0CA4A004E5AD9 /* DINPro-Regular.otf */; };
		416F2E8727B0CA4A004E5AD9 /* DINPro-Light.otf in Resources */ = {isa = PBXBuildFile; fileRef = 416F2E8227B0CA4A004E5AD9 /* DINPro-Light.otf */; };
		416F2E8927B0CAD0004E5AD9 /* Config.Font.swift in Sources */ = {isa = PBXBuildFile; fileRef = 416F2E8827B0CAD0004E5AD9 /* Config.Font.swift */; };
		416F2E8D27B0E8FB004E5AD9 /* R.generated.swift in Sources */ = {isa = PBXBuildFile; fileRef = 416F2E8C27B0E8FB004E5AD9 /* R.generated.swift */; };
		416F2E9127B1FB6B004E5AD9 /* UIViewController.Extension.swift in Sources */ = {isa = PBXBuildFile; fileRef = 416F2E9027B1FB6B004E5AD9 /* UIViewController.Extension.swift */; };
		416F2E9427B2141B004E5AD9 /* HomeDataManager.swift in Sources */ = {isa = PBXBuildFile; fileRef = 416F2E9327B2141B004E5AD9 /* HomeDataManager.swift */; };
		416F2E9627B2426C004E5AD9 /* AppDelegate.Service.swift in Sources */ = {isa = PBXBuildFile; fileRef = 416F2E9527B2426C004E5AD9 /* AppDelegate.Service.swift */; };
		416F2E9827B259C0004E5AD9 /* CacheManager.swift in Sources */ = {isa = PBXBuildFile; fileRef = 416F2E9727B259C0004E5AD9 /* CacheManager.swift */; };
		683D0AB07C53C0CF59FA8F70 /* Pods_Work_AJ_SM.framework in Frameworks */ = {isa = PBXBuildFile; fileRef = C255B0509E51363E4DB560A8 /* Pods_Work_AJ_SM.framework */; };
/* End PBXBuildFile section */

/* Begin PBXContainerItemProxy section */
		416F2E12279BAF67004E5AD9 /* PBXContainerItemProxy */ = {
			isa = PBXContainerItemProxy;
			containerPortal = 416F2DF3279BAF66004E5AD9 /* Project object */;
			proxyType = 1;
			remoteGlobalIDString = 416F2DFA279BAF67004E5AD9;
			remoteInfo = Work.AJ.SM;
		};
		416F2E1C279BAF67004E5AD9 /* PBXContainerItemProxy */ = {
			isa = PBXContainerItemProxy;
			containerPortal = 416F2DF3279BAF66004E5AD9 /* Project object */;
			proxyType = 1;
			remoteGlobalIDString = 416F2DFA279BAF67004E5AD9;
			remoteInfo = Work.AJ.SM;
		};
/* End PBXContainerItemProxy section */

/* Begin PBXFileReference section */
		416F2DFB279BAF67004E5AD9 /* Work.AJ.SM.app */ = {isa = PBXFileReference; explicitFileType = wrapper.application; includeInIndex = 0; path = Work.AJ.SM.app; sourceTree = BUILT_PRODUCTS_DIR; };
		416F2DFE279BAF67004E5AD9 /* AppDelegate.swift */ = {isa = PBXFileReference; lastKnownFileType = sourcecode.swift; path = AppDelegate.swift; sourceTree = "<group>"; };
		416F2E02279BAF67004E5AD9 /* ViewController.swift */ = {isa = PBXFileReference; lastKnownFileType = sourcecode.swift; path = ViewController.swift; sourceTree = "<group>"; };
		416F2E05279BAF67004E5AD9 /* Base */ = {isa = PBXFileReference; lastKnownFileType = file.storyboard; name = Base; path = Base.lproj/Main.storyboard; sourceTree = "<group>"; };
		416F2E07279BAF67004E5AD9 /* Assets.xcassets */ = {isa = PBXFileReference; lastKnownFileType = folder.assetcatalog; path = Assets.xcassets; sourceTree = "<group>"; };
		416F2E0A279BAF67004E5AD9 /* Base */ = {isa = PBXFileReference; lastKnownFileType = file.storyboard; name = Base; path = Base.lproj/LaunchScreen.storyboard; sourceTree = "<group>"; };
		416F2E0C279BAF67004E5AD9 /* Info.plist */ = {isa = PBXFileReference; lastKnownFileType = text.plist.xml; path = Info.plist; sourceTree = "<group>"; };
		416F2E11279BAF67004E5AD9 /* Work.AJ.SMTests.xctest */ = {isa = PBXFileReference; explicitFileType = wrapper.cfbundle; includeInIndex = 0; path = Work.AJ.SMTests.xctest; sourceTree = BUILT_PRODUCTS_DIR; };
		416F2E15279BAF67004E5AD9 /* Work_AJ_SMTests.swift */ = {isa = PBXFileReference; lastKnownFileType = sourcecode.swift; path = Work_AJ_SMTests.swift; sourceTree = "<group>"; };
		416F2E1B279BAF67004E5AD9 /* Work.AJ.SMUITests.xctest */ = {isa = PBXFileReference; explicitFileType = wrapper.cfbundle; includeInIndex = 0; path = Work.AJ.SMUITests.xctest; sourceTree = BUILT_PRODUCTS_DIR; };
		416F2E1F279BAF67004E5AD9 /* Work_AJ_SMUITests.swift */ = {isa = PBXFileReference; lastKnownFileType = sourcecode.swift; path = Work_AJ_SMUITests.swift; sourceTree = "<group>"; };
		416F2E21279BAF67004E5AD9 /* Work_AJ_SMUITestsLaunchTests.swift */ = {isa = PBXFileReference; lastKnownFileType = sourcecode.swift; path = Work_AJ_SMUITestsLaunchTests.swift; sourceTree = "<group>"; };
		416F2E3327B0B3DD004E5AD9 /* APIs.swift */ = {isa = PBXFileReference; lastKnownFileType = sourcecode.swift; path = APIs.swift; sourceTree = "<group>"; };
		416F2E3627B0B406004E5AD9 /* Strigs.swift */ = {isa = PBXFileReference; lastKnownFileType = sourcecode.swift; path = Strigs.swift; sourceTree = "<group>"; };
		416F2E3827B0B427004E5AD9 /* ImportFile.swift */ = {isa = PBXFileReference; lastKnownFileType = sourcecode.swift; path = ImportFile.swift; sourceTree = "<group>"; };
		416F2E3B27B0B46F004E5AD9 /* UserDefaultsKeys.swift */ = {isa = PBXFileReference; lastKnownFileType = sourcecode.swift; path = UserDefaultsKeys.swift; sourceTree = "<group>"; };
		416F2E3D27B0B483004E5AD9 /* NotificationName.swift */ = {isa = PBXFileReference; lastKnownFileType = sourcecode.swift; path = NotificationName.swift; sourceTree = "<group>"; };
		416F2E3F27B0B4D2004E5AD9 /* DynamicColor.swift */ = {isa = PBXFileReference; lastKnownFileType = sourcecode.swift; path = DynamicColor.swift; sourceTree = "<group>"; };
		416F2E4227B0B4F6004E5AD9 /* Logger.swift */ = {isa = PBXFileReference; lastKnownFileType = sourcecode.swift; path = Logger.swift; sourceTree = "<group>"; };
		416F2E4427B0B514004E5AD9 /* GDataManager.swift */ = {isa = PBXFileReference; lastKnownFileType = sourcecode.swift; path = GDataManager.swift; sourceTree = "<group>"; };
		416F2E4627B0B544004E5AD9 /* Network.swift */ = {isa = PBXFileReference; lastKnownFileType = sourcecode.swift; path = Network.swift; sourceTree = "<group>"; };
		416F2E4827B0B56D004E5AD9 /* Network.Configuration.swift */ = {isa = PBXFileReference; lastKnownFileType = sourcecode.swift; path = Network.Configuration.swift; sourceTree = "<group>"; };
		416F2E4A27B0B58A004E5AD9 /* NetworkIndicatorPlugin.swift */ = {isa = PBXFileReference; lastKnownFileType = sourcecode.swift; path = NetworkIndicatorPlugin.swift; sourceTree = "<group>"; };
		416F2E4D27B0B60E004E5AD9 /* BaseTabBarItemContentView.swift */ = {isa = PBXFileReference; lastKnownFileType = sourcecode.swift; path = BaseTabBarItemContentView.swift; sourceTree = "<group>"; };
		416F2E5027B0B638004E5AD9 /* BaseTabBarViewController.swift */ = {isa = PBXFileReference; lastKnownFileType = sourcecode.swift; path = BaseTabBarViewController.swift; sourceTree = "<group>"; };
		416F2E5227B0B64F004E5AD9 /* BaseNavigationController.swift */ = {isa = PBXFileReference; lastKnownFileType = sourcecode.swift; path = BaseNavigationController.swift; sourceTree = "<group>"; };
		416F2E5427B0B66C004E5AD9 /* BaseViewController.swift */ = {isa = PBXFileReference; lastKnownFileType = sourcecode.swift; path = BaseViewController.swift; sourceTree = "<group>"; };
		416F2E5627B0B691004E5AD9 /* BaseWebViewController.swift */ = {isa = PBXFileReference; lastKnownFileType = sourcecode.swift; path = BaseWebViewController.swift; sourceTree = "<group>"; };
		416F2E5827B0BC14004E5AD9 /* NetWorkManager.swift */ = {isa = PBXFileReference; lastKnownFileType = sourcecode.swift; path = NetWorkManager.swift; sourceTree = "<group>"; };
		416F2E5F27B0BF95004E5AD9 /* HomeHeaderView.swift */ = {isa = PBXFileReference; fileEncoding = 4; lastKnownFileType = sourcecode.swift; path = HomeHeaderView.swift; sourceTree = "<group>"; };
		416F2E6127B0BF95004E5AD9 /* HomeModuleCell.swift */ = {isa = PBXFileReference; fileEncoding = 4; lastKnownFileType = sourcecode.swift; path = HomeModuleCell.swift; sourceTree = "<group>"; };
		416F2E6427B0BFA4004E5AD9 /* HomeAPI.swift */ = {isa = PBXFileReference; fileEncoding = 4; lastKnownFileType = sourcecode.swift; path = HomeAPI.swift; sourceTree = "<group>"; };
		416F2E6627B0BFB5004E5AD9 /* AdsModel.swift */ = {isa = PBXFileReference; fileEncoding = 4; lastKnownFileType = sourcecode.swift; path = AdsModel.swift; sourceTree = "<group>"; };
		416F2E6727B0BFB5004E5AD9 /* NoticeModel.swift */ = {isa = PBXFileReference; fileEncoding = 4; lastKnownFileType = sourcecode.swift; path = NoticeModel.swift; sourceTree = "<group>"; };
		416F2E6827B0BFB5004E5AD9 /* HomePageModule.swift */ = {isa = PBXFileReference; fileEncoding = 4; lastKnownFileType = sourcecode.swift; path = HomePageModule.swift; sourceTree = "<group>"; };
		416F2E6A27B0BFB5004E5AD9 /* UnitBcardModel.swift */ = {isa = PBXFileReference; fileEncoding = 4; lastKnownFileType = sourcecode.swift; path = UnitBcardModel.swift; sourceTree = "<group>"; };
		416F2E6B27B0BFB5004E5AD9 /* UnitCodesModel.swift */ = {isa = PBXFileReference; fileEncoding = 4; lastKnownFileType = sourcecode.swift; path = UnitCodesModel.swift; sourceTree = "<group>"; };
		416F2E6C27B0BFB5004E5AD9 /* UnitModel.swift */ = {isa = PBXFileReference; fileEncoding = 4; lastKnownFileType = sourcecode.swift; path = UnitModel.swift; sourceTree = "<group>"; };
		416F2E6D27B0BFB5004E5AD9 /* UnitButtonsModel.swift */ = {isa = PBXFileReference; fileEncoding = 4; lastKnownFileType = sourcecode.swift; path = UnitButtonsModel.swift; sourceTree = "<group>"; };
		416F2E6E27B0BFB5004E5AD9 /* UnitLockModel.swift */ = {isa = PBXFileReference; fileEncoding = 4; lastKnownFileType = sourcecode.swift; path = UnitLockModel.swift; sourceTree = "<group>"; };
		416F2E7727B0BFC0004E5AD9 /* HomeViewController.swift */ = {isa = PBXFileReference; fileEncoding = 4; lastKnownFileType = sourcecode.swift; path = HomeViewController.swift; sourceTree = "<group>"; };
		416F2E7927B0C5C5004E5AD9 /* Marcos.swift */ = {isa = PBXFileReference; lastKnownFileType = sourcecode.swift; path = Marcos.swift; sourceTree = "<group>"; };
		416F2E7E27B0CA4A004E5AD9 /* DINPro-Medium.otf */ = {isa = PBXFileReference; lastKnownFileType = file; path = "DINPro-Medium.otf"; sourceTree = "<group>"; };
		416F2E7F27B0CA4A004E5AD9 /* DINPro-Bold.otf */ = {isa = PBXFileReference; lastKnownFileType = file; path = "DINPro-Bold.otf"; sourceTree = "<group>"; };
		416F2E8027B0CA4A004E5AD9 /* DINPro-Black.otf */ = {isa = PBXFileReference; lastKnownFileType = file; path = "DINPro-Black.otf"; sourceTree = "<group>"; };
		416F2E8127B0CA4A004E5AD9 /* DINPro-Regular.otf */ = {isa = PBXFileReference; lastKnownFileType = file; path = "DINPro-Regular.otf"; sourceTree = "<group>"; };
		416F2E8227B0CA4A004E5AD9 /* DINPro-Light.otf */ = {isa = PBXFileReference; lastKnownFileType = file; path = "DINPro-Light.otf"; sourceTree = "<group>"; };
		416F2E8827B0CAD0004E5AD9 /* Config.Font.swift */ = {isa = PBXFileReference; lastKnownFileType = sourcecode.swift; path = Config.Font.swift; sourceTree = "<group>"; };
		416F2E8C27B0E8FB004E5AD9 /* R.generated.swift */ = {isa = PBXFileReference; fileEncoding = 4; lastKnownFileType = sourcecode.swift; path = R.generated.swift; sourceTree = SOURCE_ROOT; };
		416F2E9027B1FB6B004E5AD9 /* UIViewController.Extension.swift */ = {isa = PBXFileReference; lastKnownFileType = sourcecode.swift; path = UIViewController.Extension.swift; sourceTree = "<group>"; };
		416F2E9327B2141B004E5AD9 /* HomeDataManager.swift */ = {isa = PBXFileReference; lastKnownFileType = sourcecode.swift; path = HomeDataManager.swift; sourceTree = "<group>"; };
		416F2E9527B2426C004E5AD9 /* AppDelegate.Service.swift */ = {isa = PBXFileReference; lastKnownFileType = sourcecode.swift; path = AppDelegate.Service.swift; sourceTree = "<group>"; };
		416F2E9727B259C0004E5AD9 /* CacheManager.swift */ = {isa = PBXFileReference; lastKnownFileType = sourcecode.swift; path = CacheManager.swift; sourceTree = "<group>"; };
		B853C645EE120493374A98E1 /* Pods-Work.AJ.SM.debug.xcconfig */ = {isa = PBXFileReference; includeInIndex = 1; lastKnownFileType = text.xcconfig; name = "Pods-Work.AJ.SM.debug.xcconfig"; path = "Target Support Files/Pods-Work.AJ.SM/Pods-Work.AJ.SM.debug.xcconfig"; sourceTree = "<group>"; };
		C255B0509E51363E4DB560A8 /* Pods_Work_AJ_SM.framework */ = {isa = PBXFileReference; explicitFileType = wrapper.framework; includeInIndex = 0; path = Pods_Work_AJ_SM.framework; sourceTree = BUILT_PRODUCTS_DIR; };
		D2116E584E2BE5DB7107B64E /* Pods-Work.AJ.SM.release.xcconfig */ = {isa = PBXFileReference; includeInIndex = 1; lastKnownFileType = text.xcconfig; name = "Pods-Work.AJ.SM.release.xcconfig"; path = "Target Support Files/Pods-Work.AJ.SM/Pods-Work.AJ.SM.release.xcconfig"; sourceTree = "<group>"; };
/* End PBXFileReference section */

/* Begin PBXFrameworksBuildPhase section */
		416F2DF8279BAF67004E5AD9 /* Frameworks */ = {
			isa = PBXFrameworksBuildPhase;
			buildActionMask = 2147483647;
			files = (
				683D0AB07C53C0CF59FA8F70 /* Pods_Work_AJ_SM.framework in Frameworks */,
			);
			runOnlyForDeploymentPostprocessing = 0;
		};
		416F2E0E279BAF67004E5AD9 /* Frameworks */ = {
			isa = PBXFrameworksBuildPhase;
			buildActionMask = 2147483647;
			files = (
			);
			runOnlyForDeploymentPostprocessing = 0;
		};
		416F2E18279BAF67004E5AD9 /* Frameworks */ = {
			isa = PBXFrameworksBuildPhase;
			buildActionMask = 2147483647;
			files = (
			);
			runOnlyForDeploymentPostprocessing = 0;
		};
/* End PBXFrameworksBuildPhase section */

/* Begin PBXGroup section */
		416F2DF2279BAF66004E5AD9 = {
			isa = PBXGroup;
			children = (
				416F2DFD279BAF67004E5AD9 /* Work.AJ.SM */,
				416F2E14279BAF67004E5AD9 /* Work.AJ.SMTests */,
				416F2E1E279BAF67004E5AD9 /* Work.AJ.SMUITests */,
				416F2DFC279BAF67004E5AD9 /* Products */,
				F39FE6BFA7B5E0F81763EDF1 /* Pods */,
				D230459476043C9D855A19D9 /* Frameworks */,
			);
			sourceTree = "<group>";
		};
		416F2DFC279BAF67004E5AD9 /* Products */ = {
			isa = PBXGroup;
			children = (
				416F2DFB279BAF67004E5AD9 /* Work.AJ.SM.app */,
				416F2E11279BAF67004E5AD9 /* Work.AJ.SMTests.xctest */,
				416F2E1B279BAF67004E5AD9 /* Work.AJ.SMUITests.xctest */,
			);
			name = Products;
			sourceTree = "<group>";
		};
		416F2DFD279BAF67004E5AD9 /* Work.AJ.SM */ = {
			isa = PBXGroup;
			children = (
				416F2DFE279BAF67004E5AD9 /* AppDelegate.swift */,
				416F2E9527B2426C004E5AD9 /* AppDelegate.Service.swift */,
				416F2E2E279D1E76004E5AD9 /* Classes */,
				416F2E02279BAF67004E5AD9 /* ViewController.swift */,
				416F2E7C27B0CA39004E5AD9 /* Resource */,
				416F2E04279BAF67004E5AD9 /* Main.storyboard */,
				416F2E07279BAF67004E5AD9 /* Assets.xcassets */,
				416F2E8C27B0E8FB004E5AD9 /* R.generated.swift */,
				416F2E09279BAF67004E5AD9 /* LaunchScreen.storyboard */,
				416F2E0C279BAF67004E5AD9 /* Info.plist */,
			);
			path = Work.AJ.SM;
			sourceTree = "<group>";
		};
		416F2E14279BAF67004E5AD9 /* Work.AJ.SMTests */ = {
			isa = PBXGroup;
			children = (
				416F2E15279BAF67004E5AD9 /* Work_AJ_SMTests.swift */,
			);
			path = Work.AJ.SMTests;
			sourceTree = "<group>";
		};
		416F2E1E279BAF67004E5AD9 /* Work.AJ.SMUITests */ = {
			isa = PBXGroup;
			children = (
				416F2E1F279BAF67004E5AD9 /* Work_AJ_SMUITests.swift */,
				416F2E21279BAF67004E5AD9 /* Work_AJ_SMUITestsLaunchTests.swift */,
			);
			path = Work.AJ.SMUITests;
			sourceTree = "<group>";
		};
		416F2E2E279D1E76004E5AD9 /* Classes */ = {
			isa = PBXGroup;
			children = (
				416F2E30279D1E8A004E5AD9 /* Module */,
				416F2E2F279D1E84004E5AD9 /* Base */,
				416F2E31279D1E9F004E5AD9 /* Utils */,
			);
			path = Classes;
			sourceTree = "<group>";
		};
		416F2E2F279D1E84004E5AD9 /* Base */ = {
			isa = PBXGroup;
			children = (
				416F2E4F27B0B61E004E5AD9 /* ViewController */,
				416F2E4C27B0B604004E5AD9 /* View */,
			);
			path = Base;
			sourceTree = "<group>";
		};
		416F2E30279D1E8A004E5AD9 /* Module */ = {
			isa = PBXGroup;
			children = (
				416F2E5A27B0BEAC004E5AD9 /* Home */,
			);
			path = Module;
			sourceTree = "<group>";
		};
		416F2E31279D1E9F004E5AD9 /* Utils */ = {
			isa = PBXGroup;
			children = (
				416F2E4127B0B4EA004E5AD9 /* Helper */,
				416F2E3A27B0B466004E5AD9 /* Extension */,
				416F2E3527B0B3F3004E5AD9 /* Marcos */,
				416F2E32279D57FF004E5AD9 /* NetWork */,
			);
			path = Utils;
			sourceTree = "<group>";
		};
		416F2E32279D57FF004E5AD9 /* NetWork */ = {
			isa = PBXGroup;
			children = (
				416F2E3327B0B3DD004E5AD9 /* APIs.swift */,
				416F2E4627B0B544004E5AD9 /* Network.swift */,
				416F2E4827B0B56D004E5AD9 /* Network.Configuration.swift */,
				416F2E4A27B0B58A004E5AD9 /* NetworkIndicatorPlugin.swift */,
				416F2E5827B0BC14004E5AD9 /* NetWorkManager.swift */,
			);
			path = NetWork;
			sourceTree = "<group>";
		};
		416F2E3527B0B3F3004E5AD9 /* Marcos */ = {
			isa = PBXGroup;
			children = (
				416F2E3627B0B406004E5AD9 /* Strigs.swift */,
				416F2E3827B0B427004E5AD9 /* ImportFile.swift */,
				416F2E7927B0C5C5004E5AD9 /* Marcos.swift */,
				416F2E8827B0CAD0004E5AD9 /* Config.Font.swift */,
			);
			path = Marcos;
			sourceTree = "<group>";
		};
		416F2E3A27B0B466004E5AD9 /* Extension */ = {
			isa = PBXGroup;
			children = (
				416F2E3B27B0B46F004E5AD9 /* UserDefaultsKeys.swift */,
				416F2E3D27B0B483004E5AD9 /* NotificationName.swift */,
				416F2E3F27B0B4D2004E5AD9 /* DynamicColor.swift */,
				416F2E9027B1FB6B004E5AD9 /* UIViewController.Extension.swift */,
			);
			path = Extension;
			sourceTree = "<group>";
		};
		416F2E4127B0B4EA004E5AD9 /* Helper */ = {
			isa = PBXGroup;
			children = (
				416F2E4227B0B4F6004E5AD9 /* Logger.swift */,
				416F2E4427B0B514004E5AD9 /* GDataManager.swift */,
				416F2E9727B259C0004E5AD9 /* CacheManager.swift */,
			);
			path = Helper;
			sourceTree = "<group>";
		};
		416F2E4C27B0B604004E5AD9 /* View */ = {
			isa = PBXGroup;
			children = (
				416F2E4D27B0B60E004E5AD9 /* BaseTabBarItemContentView.swift */,
			);
			path = View;
			sourceTree = "<group>";
		};
		416F2E4F27B0B61E004E5AD9 /* ViewController */ = {
			isa = PBXGroup;
			children = (
				416F2E5027B0B638004E5AD9 /* BaseTabBarViewController.swift */,
				416F2E5227B0B64F004E5AD9 /* BaseNavigationController.swift */,
				416F2E5427B0B66C004E5AD9 /* BaseViewController.swift */,
				416F2E5627B0B691004E5AD9 /* BaseWebViewController.swift */,
			);
			path = ViewController;
			sourceTree = "<group>";
		};
		416F2E5A27B0BEAC004E5AD9 /* Home */ = {
			isa = PBXGroup;
			children = (
				416F2E9227B20C5C004E5AD9 /* Datasource */,
				416F2E5E27B0BEE5004E5AD9 /* View */,
				416F2E5D27B0BEDB004E5AD9 /* NetWork */,
				416F2E5C27B0BED3004E5AD9 /* Model */,
				416F2E5B27B0BEC2004E5AD9 /* ViewController */,
			);
			path = Home;
			sourceTree = "<group>";
		};
		416F2E5B27B0BEC2004E5AD9 /* ViewController */ = {
			isa = PBXGroup;
			children = (
				416F2E7727B0BFC0004E5AD9 /* HomeViewController.swift */,
			);
			path = ViewController;
			sourceTree = "<group>";
		};
		416F2E5C27B0BED3004E5AD9 /* Model */ = {
			isa = PBXGroup;
			children = (
				416F2E6927B0BFB5004E5AD9 /* UnitModel */,
				416F2E6627B0BFB5004E5AD9 /* AdsModel.swift */,
				416F2E6827B0BFB5004E5AD9 /* HomePageModule.swift */,
				416F2E6727B0BFB5004E5AD9 /* NoticeModel.swift */,
			);
			path = Model;
			sourceTree = "<group>";
		};
		416F2E5D27B0BEDB004E5AD9 /* NetWork */ = {
			isa = PBXGroup;
			children = (
				416F2E6427B0BFA4004E5AD9 /* HomeAPI.swift */,
			);
			path = NetWork;
			sourceTree = "<group>";
		};
		416F2E5E27B0BEE5004E5AD9 /* View */ = {
			isa = PBXGroup;
			children = (
				416F2E6027B0BF95004E5AD9 /* Cell */,
				416F2E5F27B0BF95004E5AD9 /* HomeHeaderView.swift */,
			);
			path = View;
			sourceTree = "<group>";
		};
		416F2E6027B0BF95004E5AD9 /* Cell */ = {
			isa = PBXGroup;
			children = (
				416F2E6127B0BF95004E5AD9 /* HomeModuleCell.swift */,
			);
			path = Cell;
			sourceTree = "<group>";
		};
		416F2E6927B0BFB5004E5AD9 /* UnitModel */ = {
			isa = PBXGroup;
			children = (
				416F2E6A27B0BFB5004E5AD9 /* UnitBcardModel.swift */,
				416F2E6B27B0BFB5004E5AD9 /* UnitCodesModel.swift */,
				416F2E6C27B0BFB5004E5AD9 /* UnitModel.swift */,
				416F2E6D27B0BFB5004E5AD9 /* UnitButtonsModel.swift */,
				416F2E6E27B0BFB5004E5AD9 /* UnitLockModel.swift */,
			);
			path = UnitModel;
			sourceTree = "<group>";
		};
		416F2E7C27B0CA39004E5AD9 /* Resource */ = {
			isa = PBXGroup;
			children = (
				416F2E7D27B0CA4A004E5AD9 /* SCFont */,
			);
			path = Resource;
			sourceTree = "<group>";
		};
		416F2E7D27B0CA4A004E5AD9 /* SCFont */ = {
			isa = PBXGroup;
			children = (
				416F2E7E27B0CA4A004E5AD9 /* DINPro-Medium.otf */,
				416F2E7F27B0CA4A004E5AD9 /* DINPro-Bold.otf */,
				416F2E8027B0CA4A004E5AD9 /* DINPro-Black.otf */,
				416F2E8127B0CA4A004E5AD9 /* DINPro-Regular.otf */,
				416F2E8227B0CA4A004E5AD9 /* DINPro-Light.otf */,
			);
			path = SCFont;
			sourceTree = "<group>";
		};
		416F2E9227B20C5C004E5AD9 /* Datasource */ = {
			isa = PBXGroup;
			children = (
				416F2E9327B2141B004E5AD9 /* HomeDataManager.swift */,
			);
			path = Datasource;
			sourceTree = "<group>";
		};
		D230459476043C9D855A19D9 /* Frameworks */ = {
			isa = PBXGroup;
			children = (
				C255B0509E51363E4DB560A8 /* Pods_Work_AJ_SM.framework */,
			);
			name = Frameworks;
			sourceTree = "<group>";
		};
		F39FE6BFA7B5E0F81763EDF1 /* Pods */ = {
			isa = PBXGroup;
			children = (
				B853C645EE120493374A98E1 /* Pods-Work.AJ.SM.debug.xcconfig */,
				D2116E584E2BE5DB7107B64E /* Pods-Work.AJ.SM.release.xcconfig */,
			);
			path = Pods;
			sourceTree = "<group>";
		};
/* End PBXGroup section */

/* Begin PBXNativeTarget section */
		416F2DFA279BAF67004E5AD9 /* Work.AJ.SM */ = {
			isa = PBXNativeTarget;
			buildConfigurationList = 416F2E25279BAF67004E5AD9 /* Build configuration list for PBXNativeTarget "Work.AJ.SM" */;
			buildPhases = (
				D5999047F02A75C8986BF302 /* [CP] Check Pods Manifest.lock */,
				416F2E7B27B0C981004E5AD9 /* ShellScript */,
				416F2DF7279BAF67004E5AD9 /* Sources */,
				416F2DF8279BAF67004E5AD9 /* Frameworks */,
				416F2DF9279BAF67004E5AD9 /* Resources */,
				0F320F9032A01B6E81C14EE4 /* [CP] Embed Pods Frameworks */,
			);
			buildRules = (
			);
			dependencies = (
			);
			name = Work.AJ.SM;
			productName = Work.AJ.SM;
			productReference = 416F2DFB279BAF67004E5AD9 /* Work.AJ.SM.app */;
			productType = "com.apple.product-type.application";
		};
		416F2E10279BAF67004E5AD9 /* Work.AJ.SMTests */ = {
			isa = PBXNativeTarget;
			buildConfigurationList = 416F2E28279BAF67004E5AD9 /* Build configuration list for PBXNativeTarget "Work.AJ.SMTests" */;
			buildPhases = (
				416F2E0D279BAF67004E5AD9 /* Sources */,
				416F2E0E279BAF67004E5AD9 /* Frameworks */,
				416F2E0F279BAF67004E5AD9 /* Resources */,
			);
			buildRules = (
			);
			dependencies = (
				416F2E13279BAF67004E5AD9 /* PBXTargetDependency */,
			);
			name = Work.AJ.SMTests;
			productName = Work.AJ.SMTests;
			productReference = 416F2E11279BAF67004E5AD9 /* Work.AJ.SMTests.xctest */;
			productType = "com.apple.product-type.bundle.unit-test";
		};
		416F2E1A279BAF67004E5AD9 /* Work.AJ.SMUITests */ = {
			isa = PBXNativeTarget;
			buildConfigurationList = 416F2E2B279BAF67004E5AD9 /* Build configuration list for PBXNativeTarget "Work.AJ.SMUITests" */;
			buildPhases = (
				416F2E17279BAF67004E5AD9 /* Sources */,
				416F2E18279BAF67004E5AD9 /* Frameworks */,
				416F2E19279BAF67004E5AD9 /* Resources */,
			);
			buildRules = (
			);
			dependencies = (
				416F2E1D279BAF67004E5AD9 /* PBXTargetDependency */,
			);
			name = Work.AJ.SMUITests;
			productName = Work.AJ.SMUITests;
			productReference = 416F2E1B279BAF67004E5AD9 /* Work.AJ.SMUITests.xctest */;
			productType = "com.apple.product-type.bundle.ui-testing";
		};
/* End PBXNativeTarget section */

/* Begin PBXProject section */
		416F2DF3279BAF66004E5AD9 /* Project object */ = {
			isa = PBXProject;
			attributes = {
				BuildIndependentTargetsInParallel = 1;
				LastSwiftUpdateCheck = 1320;
				LastUpgradeCheck = 1320;
				TargetAttributes = {
					416F2DFA279BAF67004E5AD9 = {
						CreatedOnToolsVersion = 13.2.1;
					};
					416F2E10279BAF67004E5AD9 = {
						CreatedOnToolsVersion = 13.2.1;
						TestTargetID = 416F2DFA279BAF67004E5AD9;
					};
					416F2E1A279BAF67004E5AD9 = {
						CreatedOnToolsVersion = 13.2.1;
						TestTargetID = 416F2DFA279BAF67004E5AD9;
					};
				};
			};
			buildConfigurationList = 416F2DF6279BAF66004E5AD9 /* Build configuration list for PBXProject "Work.AJ.SM" */;
			compatibilityVersion = "Xcode 13.0";
			developmentRegion = en;
			hasScannedForEncodings = 0;
			knownRegions = (
				en,
				Base,
			);
			mainGroup = 416F2DF2279BAF66004E5AD9;
			productRefGroup = 416F2DFC279BAF67004E5AD9 /* Products */;
			projectDirPath = "";
			projectRoot = "";
			targets = (
				416F2DFA279BAF67004E5AD9 /* Work.AJ.SM */,
				416F2E10279BAF67004E5AD9 /* Work.AJ.SMTests */,
				416F2E1A279BAF67004E5AD9 /* Work.AJ.SMUITests */,
			);
		};
/* End PBXProject section */

/* Begin PBXResourcesBuildPhase section */
		416F2DF9279BAF67004E5AD9 /* Resources */ = {
			isa = PBXResourcesBuildPhase;
			buildActionMask = 2147483647;
			files = (
				416F2E8727B0CA4A004E5AD9 /* DINPro-Light.otf in Resources */,
				416F2E0B279BAF67004E5AD9 /* LaunchScreen.storyboard in Resources */,
				416F2E08279BAF67004E5AD9 /* Assets.xcassets in Resources */,
				416F2E8327B0CA4A004E5AD9 /* DINPro-Medium.otf in Resources */,
				416F2E06279BAF67004E5AD9 /* Main.storyboard in Resources */,
				416F2E8427B0CA4A004E5AD9 /* DINPro-Bold.otf in Resources */,
				416F2E8627B0CA4A004E5AD9 /* DINPro-Regular.otf in Resources */,
				416F2E8527B0CA4A004E5AD9 /* DINPro-Black.otf in Resources */,
			);
			runOnlyForDeploymentPostprocessing = 0;
		};
		416F2E0F279BAF67004E5AD9 /* Resources */ = {
			isa = PBXResourcesBuildPhase;
			buildActionMask = 2147483647;
			files = (
			);
			runOnlyForDeploymentPostprocessing = 0;
		};
		416F2E19279BAF67004E5AD9 /* Resources */ = {
			isa = PBXResourcesBuildPhase;
			buildActionMask = 2147483647;
			files = (
			);
			runOnlyForDeploymentPostprocessing = 0;
		};
/* End PBXResourcesBuildPhase section */

/* Begin PBXShellScriptBuildPhase section */
		0F320F9032A01B6E81C14EE4 /* [CP] Embed Pods Frameworks */ = {
			isa = PBXShellScriptBuildPhase;
			buildActionMask = 2147483647;
			files = (
			);
			inputFileListPaths = (
				"${PODS_ROOT}/Target Support Files/Pods-Work.AJ.SM/Pods-Work.AJ.SM-frameworks-${CONFIGURATION}-input-files.xcfilelist",
			);
			name = "[CP] Embed Pods Frameworks";
			outputFileListPaths = (
				"${PODS_ROOT}/Target Support Files/Pods-Work.AJ.SM/Pods-Work.AJ.SM-frameworks-${CONFIGURATION}-output-files.xcfilelist",
			);
			runOnlyForDeploymentPostprocessing = 0;
			shellPath = /bin/sh;
			shellScript = "\"${PODS_ROOT}/Target Support Files/Pods-Work.AJ.SM/Pods-Work.AJ.SM-frameworks.sh\"\n";
			showEnvVarsInLog = 0;
		};
		416F2E7B27B0C981004E5AD9 /* ShellScript */ = {
			isa = PBXShellScriptBuildPhase;
			buildActionMask = 2147483647;
			files = (
			);
			inputFileListPaths = (
			);
			inputPaths = (
				"$TEMP_DIR/rswift-lastrun",
			);
			outputFileListPaths = (
			);
			outputPaths = (
				$SRCROOT/R.generated.swift,
			);
			runOnlyForDeploymentPostprocessing = 0;
			shellPath = /bin/sh;
			shellScript = "# Type a script or drag a script file from your workspace to insert its path.\n\"$PODS_ROOT/R.swift/rswift\" generate \"$SRCROOT/R.generated.swift\"\n";
		};
		D5999047F02A75C8986BF302 /* [CP] Check Pods Manifest.lock */ = {
			isa = PBXShellScriptBuildPhase;
			buildActionMask = 2147483647;
			files = (
			);
			inputFileListPaths = (
			);
			inputPaths = (
				"${PODS_PODFILE_DIR_PATH}/Podfile.lock",
				"${PODS_ROOT}/Manifest.lock",
			);
			name = "[CP] Check Pods Manifest.lock";
			outputFileListPaths = (
			);
			outputPaths = (
				"$(DERIVED_FILE_DIR)/Pods-Work.AJ.SM-checkManifestLockResult.txt",
			);
			runOnlyForDeploymentPostprocessing = 0;
			shellPath = /bin/sh;
			shellScript = "diff \"${PODS_PODFILE_DIR_PATH}/Podfile.lock\" \"${PODS_ROOT}/Manifest.lock\" > /dev/null\nif [ $? != 0 ] ; then\n    # print error to STDERR\n    echo \"error: The sandbox is not in sync with the Podfile.lock. Run 'pod install' or update your CocoaPods installation.\" >&2\n    exit 1\nfi\n# This output is used by Xcode 'outputs' to avoid re-running this script phase.\necho \"SUCCESS\" > \"${SCRIPT_OUTPUT_FILE_0}\"\n";
			showEnvVarsInLog = 0;
		};
/* End PBXShellScriptBuildPhase section */

/* Begin PBXSourcesBuildPhase section */
		416F2DF7279BAF67004E5AD9 /* Sources */ = {
			isa = PBXSourcesBuildPhase;
			buildActionMask = 2147483647;
			files = (
				416F2E5727B0B691004E5AD9 /* BaseWebViewController.swift in Sources */,
				416F2E3927B0B427004E5AD9 /* ImportFile.swift in Sources */,
				416F2E7827B0BFC0004E5AD9 /* HomeViewController.swift in Sources */,
				416F2E4027B0B4D2004E5AD9 /* DynamicColor.swift in Sources */,
				416F2E4927B0B56D004E5AD9 /* Network.Configuration.swift in Sources */,
				416F2E7627B0BFB5004E5AD9 /* UnitLockModel.swift in Sources */,
				416F2E03279BAF67004E5AD9 /* ViewController.swift in Sources */,
				416F2E3427B0B3DD004E5AD9 /* APIs.swift in Sources */,
				416F2E7327B0BFB5004E5AD9 /* UnitCodesModel.swift in Sources */,
				416F2E7127B0BFB5004E5AD9 /* HomePageModule.swift in Sources */,
				416F2E9427B2141B004E5AD9 /* HomeDataManager.swift in Sources */,
				416F2E4B27B0B58A004E5AD9 /* NetworkIndicatorPlugin.swift in Sources */,
				416F2E4327B0B4F6004E5AD9 /* Logger.swift in Sources */,
				416F2E7A27B0C5C5004E5AD9 /* Marcos.swift in Sources */,
				416F2E5527B0B66C004E5AD9 /* BaseViewController.swift in Sources */,
				416F2E6327B0BF95004E5AD9 /* HomeModuleCell.swift in Sources */,
				416F2E4727B0B544004E5AD9 /* Network.swift in Sources */,
				416F2E9127B1FB6B004E5AD9 /* UIViewController.Extension.swift in Sources */,
				416F2E5327B0B64F004E5AD9 /* BaseNavigationController.swift in Sources */,
				416F2E5127B0B638004E5AD9 /* BaseTabBarViewController.swift in Sources */,
				416F2E7427B0BFB5004E5AD9 /* UnitModel.swift in Sources */,
				416F2E3E27B0B483004E5AD9 /* NotificationName.swift in Sources */,
				416F2E5927B0BC14004E5AD9 /* NetWorkManager.swift in Sources */,
				416F2E7027B0BFB5004E5AD9 /* NoticeModel.swift in Sources */,
				416F2DFF279BAF67004E5AD9 /* AppDelegate.swift in Sources */,
				416F2E7227B0BFB5004E5AD9 /* UnitBcardModel.swift in Sources */,
				416F2E3C27B0B46F004E5AD9 /* UserDefaultsKeys.swift in Sources */,
				416F2E9627B2426C004E5AD9 /* AppDelegate.Service.swift in Sources */,
				416F2E8D27B0E8FB004E5AD9 /* R.generated.swift in Sources */,
				416F2E6527B0BFA4004E5AD9 /* HomeAPI.swift in Sources */,
				416F2E6227B0BF95004E5AD9 /* HomeHeaderView.swift in Sources */,
				416F2E3727B0B406004E5AD9 /* Strigs.swift in Sources */,
				416F2E9827B259C0004E5AD9 /* CacheManager.swift in Sources */,
				416F2E7527B0BFB5004E5AD9 /* UnitButtonsModel.swift in Sources */,
				416F2E4E27B0B60E004E5AD9 /* BaseTabBarItemContentView.swift in Sources */,
				416F2E6F27B0BFB5004E5AD9 /* AdsModel.swift in Sources */,
				416F2E8927B0CAD0004E5AD9 /* Config.Font.swift in Sources */,
				416F2E4527B0B514004E5AD9 /* GDataManager.swift in Sources */,
			);
			runOnlyForDeploymentPostprocessing = 0;
		};
		416F2E0D279BAF67004E5AD9 /* Sources */ = {
			isa = PBXSourcesBuildPhase;
			buildActionMask = 2147483647;
			files = (
				416F2E16279BAF67004E5AD9 /* Work_AJ_SMTests.swift in Sources */,
			);
			runOnlyForDeploymentPostprocessing = 0;
		};
		416F2E17279BAF67004E5AD9 /* Sources */ = {
			isa = PBXSourcesBuildPhase;
			buildActionMask = 2147483647;
			files = (
				416F2E22279BAF67004E5AD9 /* Work_AJ_SMUITestsLaunchTests.swift in Sources */,
				416F2E20279BAF67004E5AD9 /* Work_AJ_SMUITests.swift in Sources */,
			);
			runOnlyForDeploymentPostprocessing = 0;
		};
/* End PBXSourcesBuildPhase section */

/* Begin PBXTargetDependency section */
		416F2E13279BAF67004E5AD9 /* PBXTargetDependency */ = {
			isa = PBXTargetDependency;
			target = 416F2DFA279BAF67004E5AD9 /* Work.AJ.SM */;
			targetProxy = 416F2E12279BAF67004E5AD9 /* PBXContainerItemProxy */;
		};
		416F2E1D279BAF67004E5AD9 /* PBXTargetDependency */ = {
			isa = PBXTargetDependency;
			target = 416F2DFA279BAF67004E5AD9 /* Work.AJ.SM */;
			targetProxy = 416F2E1C279BAF67004E5AD9 /* PBXContainerItemProxy */;
		};
/* End PBXTargetDependency section */

/* Begin PBXVariantGroup section */
		416F2E04279BAF67004E5AD9 /* Main.storyboard */ = {
			isa = PBXVariantGroup;
			children = (
				416F2E05279BAF67004E5AD9 /* Base */,
			);
			name = Main.storyboard;
			sourceTree = "<group>";
		};
		416F2E09279BAF67004E5AD9 /* LaunchScreen.storyboard */ = {
			isa = PBXVariantGroup;
			children = (
				416F2E0A279BAF67004E5AD9 /* Base */,
			);
			name = LaunchScreen.storyboard;
			sourceTree = "<group>";
		};
/* End PBXVariantGroup section */

/* Begin XCBuildConfiguration section */
		416F2E23279BAF67004E5AD9 /* Debug */ = {
			isa = XCBuildConfiguration;
			buildSettings = {
				ALWAYS_SEARCH_USER_PATHS = NO;
				CLANG_ANALYZER_NONNULL = YES;
				CLANG_ANALYZER_NUMBER_OBJECT_CONVERSION = YES_AGGRESSIVE;
				CLANG_CXX_LANGUAGE_STANDARD = "gnu++17";
				CLANG_CXX_LIBRARY = "libc++";
				CLANG_ENABLE_MODULES = YES;
				CLANG_ENABLE_OBJC_ARC = YES;
				CLANG_ENABLE_OBJC_WEAK = YES;
				CLANG_WARN_BLOCK_CAPTURE_AUTORELEASING = YES;
				CLANG_WARN_BOOL_CONVERSION = YES;
				CLANG_WARN_COMMA = YES;
				CLANG_WARN_CONSTANT_CONVERSION = YES;
				CLANG_WARN_DEPRECATED_OBJC_IMPLEMENTATIONS = YES;
				CLANG_WARN_DIRECT_OBJC_ISA_USAGE = YES_ERROR;
				CLANG_WARN_DOCUMENTATION_COMMENTS = YES;
				CLANG_WARN_EMPTY_BODY = YES;
				CLANG_WARN_ENUM_CONVERSION = YES;
				CLANG_WARN_INFINITE_RECURSION = YES;
				CLANG_WARN_INT_CONVERSION = YES;
				CLANG_WARN_NON_LITERAL_NULL_CONVERSION = YES;
				CLANG_WARN_OBJC_IMPLICIT_RETAIN_SELF = YES;
				CLANG_WARN_OBJC_LITERAL_CONVERSION = YES;
				CLANG_WARN_OBJC_ROOT_CLASS = YES_ERROR;
				CLANG_WARN_QUOTED_INCLUDE_IN_FRAMEWORK_HEADER = YES;
				CLANG_WARN_RANGE_LOOP_ANALYSIS = YES;
				CLANG_WARN_STRICT_PROTOTYPES = YES;
				CLANG_WARN_SUSPICIOUS_MOVE = YES;
				CLANG_WARN_UNGUARDED_AVAILABILITY = YES_AGGRESSIVE;
				CLANG_WARN_UNREACHABLE_CODE = YES;
				CLANG_WARN__DUPLICATE_METHOD_MATCH = YES;
				COPY_PHASE_STRIP = NO;
				DEBUG_INFORMATION_FORMAT = dwarf;
				ENABLE_STRICT_OBJC_MSGSEND = YES;
				ENABLE_TESTABILITY = YES;
				GCC_C_LANGUAGE_STANDARD = gnu11;
				GCC_DYNAMIC_NO_PIC = NO;
				GCC_NO_COMMON_BLOCKS = YES;
				GCC_OPTIMIZATION_LEVEL = 0;
				GCC_PREPROCESSOR_DEFINITIONS = (
					"DEBUG=1",
					"$(inherited)",
				);
				GCC_WARN_64_TO_32_BIT_CONVERSION = YES;
				GCC_WARN_ABOUT_RETURN_TYPE = YES_ERROR;
				GCC_WARN_UNDECLARED_SELECTOR = YES;
				GCC_WARN_UNINITIALIZED_AUTOS = YES_AGGRESSIVE;
				GCC_WARN_UNUSED_FUNCTION = YES;
				GCC_WARN_UNUSED_VARIABLE = YES;
				IPHONEOS_DEPLOYMENT_TARGET = 15.2;
				MTL_ENABLE_DEBUG_INFO = INCLUDE_SOURCE;
				MTL_FAST_MATH = YES;
				ONLY_ACTIVE_ARCH = YES;
				SDKROOT = iphoneos;
				SWIFT_ACTIVE_COMPILATION_CONDITIONS = DEBUG;
				SWIFT_OPTIMIZATION_LEVEL = "-Onone";
			};
			name = Debug;
		};
		416F2E24279BAF67004E5AD9 /* Release */ = {
			isa = XCBuildConfiguration;
			buildSettings = {
				ALWAYS_SEARCH_USER_PATHS = NO;
				CLANG_ANALYZER_NONNULL = YES;
				CLANG_ANALYZER_NUMBER_OBJECT_CONVERSION = YES_AGGRESSIVE;
				CLANG_CXX_LANGUAGE_STANDARD = "gnu++17";
				CLANG_CXX_LIBRARY = "libc++";
				CLANG_ENABLE_MODULES = YES;
				CLANG_ENABLE_OBJC_ARC = YES;
				CLANG_ENABLE_OBJC_WEAK = YES;
				CLANG_WARN_BLOCK_CAPTURE_AUTORELEASING = YES;
				CLANG_WARN_BOOL_CONVERSION = YES;
				CLANG_WARN_COMMA = YES;
				CLANG_WARN_CONSTANT_CONVERSION = YES;
				CLANG_WARN_DEPRECATED_OBJC_IMPLEMENTATIONS = YES;
				CLANG_WARN_DIRECT_OBJC_ISA_USAGE = YES_ERROR;
				CLANG_WARN_DOCUMENTATION_COMMENTS = YES;
				CLANG_WARN_EMPTY_BODY = YES;
				CLANG_WARN_ENUM_CONVERSION = YES;
				CLANG_WARN_INFINITE_RECURSION = YES;
				CLANG_WARN_INT_CONVERSION = YES;
				CLANG_WARN_NON_LITERAL_NULL_CONVERSION = YES;
				CLANG_WARN_OBJC_IMPLICIT_RETAIN_SELF = YES;
				CLANG_WARN_OBJC_LITERAL_CONVERSION = YES;
				CLANG_WARN_OBJC_ROOT_CLASS = YES_ERROR;
				CLANG_WARN_QUOTED_INCLUDE_IN_FRAMEWORK_HEADER = YES;
				CLANG_WARN_RANGE_LOOP_ANALYSIS = YES;
				CLANG_WARN_STRICT_PROTOTYPES = YES;
				CLANG_WARN_SUSPICIOUS_MOVE = YES;
				CLANG_WARN_UNGUARDED_AVAILABILITY = YES_AGGRESSIVE;
				CLANG_WARN_UNREACHABLE_CODE = YES;
				CLANG_WARN__DUPLICATE_METHOD_MATCH = YES;
				COPY_PHASE_STRIP = NO;
				DEBUG_INFORMATION_FORMAT = "dwarf-with-dsym";
				ENABLE_NS_ASSERTIONS = NO;
				ENABLE_STRICT_OBJC_MSGSEND = YES;
				GCC_C_LANGUAGE_STANDARD = gnu11;
				GCC_NO_COMMON_BLOCKS = YES;
				GCC_WARN_64_TO_32_BIT_CONVERSION = YES;
				GCC_WARN_ABOUT_RETURN_TYPE = YES_ERROR;
				GCC_WARN_UNDECLARED_SELECTOR = YES;
				GCC_WARN_UNINITIALIZED_AUTOS = YES_AGGRESSIVE;
				GCC_WARN_UNUSED_FUNCTION = YES;
				GCC_WARN_UNUSED_VARIABLE = YES;
				IPHONEOS_DEPLOYMENT_TARGET = 15.2;
				MTL_ENABLE_DEBUG_INFO = NO;
				MTL_FAST_MATH = YES;
				SDKROOT = iphoneos;
				SWIFT_COMPILATION_MODE = wholemodule;
				SWIFT_OPTIMIZATION_LEVEL = "-O";
				VALIDATE_PRODUCT = YES;
			};
			name = Release;
		};
		416F2E26279BAF67004E5AD9 /* Debug */ = {
			isa = XCBuildConfiguration;
			baseConfigurationReference = B853C645EE120493374A98E1 /* Pods-Work.AJ.SM.debug.xcconfig */;
			buildSettings = {
				ASSETCATALOG_COMPILER_APPICON_NAME = AppIcon;
				ASSETCATALOG_COMPILER_GLOBAL_ACCENT_COLOR_NAME = AccentColor;
				CODE_SIGN_STYLE = Automatic;
				CURRENT_PROJECT_VERSION = 1;
				DEVELOPMENT_TEAM = S49KHLDCWJ;
				GENERATE_INFOPLIST_FILE = YES;
				INFOPLIST_FILE = Work.AJ.SM/Info.plist;
				INFOPLIST_KEY_CFBundleDisplayName = "智慧社区";
				INFOPLIST_KEY_UIApplicationSupportsIndirectInputEvents = YES;
				INFOPLIST_KEY_UILaunchStoryboardName = LaunchScreen;
				INFOPLIST_KEY_UIMainStoryboardFile = Main;
				INFOPLIST_KEY_UISupportedInterfaceOrientations_iPad = "UIInterfaceOrientationPortrait UIInterfaceOrientationPortraitUpsideDown UIInterfaceOrientationLandscapeLeft UIInterfaceOrientationLandscapeRight";
				INFOPLIST_KEY_UISupportedInterfaceOrientations_iPhone = "UIInterfaceOrientationPortrait UIInterfaceOrientationLandscapeLeft UIInterfaceOrientationLandscapeRight";
				IPHONEOS_DEPLOYMENT_TARGET = 12.1;
				LD_RUNPATH_SEARCH_PATHS = (
					"$(inherited)",
					"@executable_path/Frameworks",
				);
				MARKETING_VERSION = 1.0.0;
				PRODUCT_BUNDLE_IDENTIFIER = com.anjie.home;
				PRODUCT_NAME = "$(TARGET_NAME)";
				SWIFT_EMIT_LOC_STRINGS = YES;
				SWIFT_VERSION = 5.0;
				TARGETED_DEVICE_FAMILY = 1;
			};
			name = Debug;
		};
		416F2E27279BAF67004E5AD9 /* Release */ = {
			isa = XCBuildConfiguration;
			baseConfigurationReference = D2116E584E2BE5DB7107B64E /* Pods-Work.AJ.SM.release.xcconfig */;
			buildSettings = {
				ASSETCATALOG_COMPILER_APPICON_NAME = AppIcon;
				ASSETCATALOG_COMPILER_GLOBAL_ACCENT_COLOR_NAME = AccentColor;
				CODE_SIGN_STYLE = Automatic;
				CURRENT_PROJECT_VERSION = 1;
				DEVELOPMENT_TEAM = S49KHLDCWJ;
				GENERATE_INFOPLIST_FILE = YES;
				INFOPLIST_FILE = Work.AJ.SM/Info.plist;
				INFOPLIST_KEY_CFBundleDisplayName = "智慧社区";
				INFOPLIST_KEY_UIApplicationSupportsIndirectInputEvents = YES;
				INFOPLIST_KEY_UILaunchStoryboardName = LaunchScreen;
				INFOPLIST_KEY_UIMainStoryboardFile = Main;
				INFOPLIST_KEY_UISupportedInterfaceOrientations_iPad = "UIInterfaceOrientationPortrait UIInterfaceOrientationPortraitUpsideDown UIInterfaceOrientationLandscapeLeft UIInterfaceOrientationLandscapeRight";
				INFOPLIST_KEY_UISupportedInterfaceOrientations_iPhone = "UIInterfaceOrientationPortrait UIInterfaceOrientationLandscapeLeft UIInterfaceOrientationLandscapeRight";
				IPHONEOS_DEPLOYMENT_TARGET = 12.1;
				LD_RUNPATH_SEARCH_PATHS = (
					"$(inherited)",
					"@executable_path/Frameworks",
				);
				MARKETING_VERSION = 1.0.0;
				PRODUCT_BUNDLE_IDENTIFIER = com.anjie.home;
				PRODUCT_NAME = "$(TARGET_NAME)";
				SWIFT_EMIT_LOC_STRINGS = YES;
				SWIFT_VERSION = 5.0;
				TARGETED_DEVICE_FAMILY = 1;
			};
			name = Release;
		};
		416F2E29279BAF67004E5AD9 /* Debug */ = {
			isa = XCBuildConfiguration;
			buildSettings = {
				ALWAYS_EMBED_SWIFT_STANDARD_LIBRARIES = YES;
				BUNDLE_LOADER = "$(TEST_HOST)";
				CODE_SIGN_STYLE = Automatic;
				CURRENT_PROJECT_VERSION = 1;
				DEVELOPMENT_TEAM = S49KHLDCWJ;
				GENERATE_INFOPLIST_FILE = YES;
				IPHONEOS_DEPLOYMENT_TARGET = 15.2;
				MARKETING_VERSION = 1.0;
				PRODUCT_BUNDLE_IDENTIFIER = "com.anjie.home.Work-AJ-SMTests";
				PRODUCT_NAME = "$(TARGET_NAME)";
				SWIFT_EMIT_LOC_STRINGS = NO;
				SWIFT_VERSION = 5.0;
				TARGETED_DEVICE_FAMILY = "1,2";
				TEST_HOST = "$(BUILT_PRODUCTS_DIR)/Work.AJ.SM.app/Work.AJ.SM";
			};
			name = Debug;
		};
		416F2E2A279BAF67004E5AD9 /* Release */ = {
			isa = XCBuildConfiguration;
			buildSettings = {
				ALWAYS_EMBED_SWIFT_STANDARD_LIBRARIES = YES;
				BUNDLE_LOADER = "$(TEST_HOST)";
				CODE_SIGN_STYLE = Automatic;
				CURRENT_PROJECT_VERSION = 1;
				DEVELOPMENT_TEAM = S49KHLDCWJ;
				GENERATE_INFOPLIST_FILE = YES;
				IPHONEOS_DEPLOYMENT_TARGET = 15.2;
				MARKETING_VERSION = 1.0;
				PRODUCT_BUNDLE_IDENTIFIER = "com.anjie.home.Work-AJ-SMTests";
				PRODUCT_NAME = "$(TARGET_NAME)";
				SWIFT_EMIT_LOC_STRINGS = NO;
				SWIFT_VERSION = 5.0;
				TARGETED_DEVICE_FAMILY = "1,2";
				TEST_HOST = "$(BUILT_PRODUCTS_DIR)/Work.AJ.SM.app/Work.AJ.SM";
			};
			name = Release;
		};
		416F2E2C279BAF67004E5AD9 /* Debug */ = {
			isa = XCBuildConfiguration;
			buildSettings = {
				ALWAYS_EMBED_SWIFT_STANDARD_LIBRARIES = YES;
				CODE_SIGN_STYLE = Automatic;
				CURRENT_PROJECT_VERSION = 1;
				DEVELOPMENT_TEAM = S49KHLDCWJ;
				GENERATE_INFOPLIST_FILE = YES;
				MARKETING_VERSION = 1.0;
				PRODUCT_BUNDLE_IDENTIFIER = "com.anjie.home.Work-AJ-SMUITests";
				PRODUCT_NAME = "$(TARGET_NAME)";
				SWIFT_EMIT_LOC_STRINGS = NO;
				SWIFT_VERSION = 5.0;
				TARGETED_DEVICE_FAMILY = "1,2";
				TEST_TARGET_NAME = Work.AJ.SM;
			};
			name = Debug;
		};
		416F2E2D279BAF67004E5AD9 /* Release */ = {
			isa = XCBuildConfiguration;
			buildSettings = {
				ALWAYS_EMBED_SWIFT_STANDARD_LIBRARIES = YES;
				CODE_SIGN_STYLE = Automatic;
				CURRENT_PROJECT_VERSION = 1;
				DEVELOPMENT_TEAM = S49KHLDCWJ;
				GENERATE_INFOPLIST_FILE = YES;
				MARKETING_VERSION = 1.0;
				PRODUCT_BUNDLE_IDENTIFIER = "com.anjie.home.Work-AJ-SMUITests";
				PRODUCT_NAME = "$(TARGET_NAME)";
				SWIFT_EMIT_LOC_STRINGS = NO;
				SWIFT_VERSION = 5.0;
				TARGETED_DEVICE_FAMILY = "1,2";
				TEST_TARGET_NAME = Work.AJ.SM;
			};
			name = Release;
		};
/* End XCBuildConfiguration section */

/* Begin XCConfigurationList section */
		416F2DF6279BAF66004E5AD9 /* Build configuration list for PBXProject "Work.AJ.SM" */ = {
			isa = XCConfigurationList;
			buildConfigurations = (
				416F2E23279BAF67004E5AD9 /* Debug */,
				416F2E24279BAF67004E5AD9 /* Release */,
			);
			defaultConfigurationIsVisible = 0;
			defaultConfigurationName = Release;
		};
		416F2E25279BAF67004E5AD9 /* Build configuration list for PBXNativeTarget "Work.AJ.SM" */ = {
			isa = XCConfigurationList;
			buildConfigurations = (
				416F2E26279BAF67004E5AD9 /* Debug */,
				416F2E27279BAF67004E5AD9 /* Release */,
			);
			defaultConfigurationIsVisible = 0;
			defaultConfigurationName = Release;
		};
		416F2E28279BAF67004E5AD9 /* Build configuration list for PBXNativeTarget "Work.AJ.SMTests" */ = {
			isa = XCConfigurationList;
			buildConfigurations = (
				416F2E29279BAF67004E5AD9 /* Debug */,
				416F2E2A279BAF67004E5AD9 /* Release */,
			);
			defaultConfigurationIsVisible = 0;
			defaultConfigurationName = Release;
		};
		416F2E2B279BAF67004E5AD9 /* Build configuration list for PBXNativeTarget "Work.AJ.SMUITests" */ = {
			isa = XCConfigurationList;
			buildConfigurations = (
				416F2E2C279BAF67004E5AD9 /* Debug */,
				416F2E2D279BAF67004E5AD9 /* Release */,
			);
			defaultConfigurationIsVisible = 0;
			defaultConfigurationName = Release;
		};
/* End XCConfigurationList section */
	};
	rootObject = 416F2DF3279BAF66004E5AD9 /* Project object */;
}
